
Microsoft Visual Studio Solution File, Format Version 12.00
# Visual Studio Version 17
VisualStudioVersion = 17.5.33516.290
MinimumVisualStudioVersion = 10.0.40219.1
Project("{FAE04EC0-301F-11D3-BF4B-00C04F79EFBC}") = "dateTimeDifference", "dateTimeDifference\dateTimeDifference.csproj", "{0A6625ED-8EDD-4D4F-9A3A-93C5D109C845}"
EndProject
Global
	GlobalSection(SolutionConfigurationPlatforms) = preSolution
		Debug|Any CPU = Debug|Any CPU
		Release|Any CPU = Release|Any CPU
	EndGlobalSection
	GlobalSection(ProjectConfigurationPlatforms) = postSolution
		{0A6625ED-8EDD-4D4F-9A3A-93C5D109C845}.Debug|Any CPU.ActiveCfg = Debug|Any CPU
		{0A6625ED-8EDD-4D4F-9A3A-93C5D109C845}.Debug|Any CPU.Build.0 = Debug|Any CPU
		{0A6625ED-8EDD-4D4F-9A3A-93C5D109C845}.Release|Any CPU.ActiveCfg = Release|Any CPU
		{0A6625ED-8EDD-4D4F-9A3A-93C5D109C845}.Release|Any CPU.Build.0 = Release|Any CPU
	EndGlobalSection
	GlobalSection(SolutionProperties) = preSolution
		HideSolutionNode = FALSE
	EndGlobalSection
	GlobalSection(ExtensibilityGlobals) = postSolution
		SolutionGuid = {16AA2ADE-B4B4-42AF-9827-C4F646CAD5FD}
	EndGlobalSection
EndGlobal
